
Microsoft Visual Studio Solution File, Format Version 12.00
# Visual Studio 15
VisualStudioVersion = 15.0.26730.16
MinimumVisualStudioVersion = 10.0.40219.1
Project("{FAE04EC0-301F-11D3-BF4B-00C04F79EFBC}") = "TwoStepsAuthenticator.TestApp", "TwoStepsAuthenticator.TestApp\TwoStepsAuthenticator.TestApp.csproj", "{53C4F81C-4322-4637-B79B-8676ACAEFDCB}"
EndProject
Project("{FAE04EC0-301F-11D3-BF4B-00C04F79EFBC}") = "TwoStepsAuthenticator.UnitTests", "TwoStepsAuthenticator.UnitTests\TwoStepsAuthenticator.UnitTests.csproj", "{E936FFA0-2E6E-4CA7-9841-FB844A817E0C}"
EndProject
Project("{9A19103F-16F7-4668-BE54-9A1E7A4F7556}") = "TwoStepsAuthenticator", "TwoStepsAuthenticator\TwoStepsAuthenticator.csproj", "{C77AD974-57C8-4218-AEB5-5562BB9685E1}"
EndProject
Global
	GlobalSection(SolutionConfigurationPlatforms) = preSolution
		Debug|Any CPU = Debug|Any CPU
		Release|Any CPU = Release|Any CPU
	EndGlobalSection
	GlobalSection(ProjectConfigurationPlatforms) = postSolution
		{53C4F81C-4322-4637-B79B-8676ACAEFDCB}.Debug|Any CPU.ActiveCfg = Debug|Any CPU
		{53C4F81C-4322-4637-B79B-8676ACAEFDCB}.Debug|Any CPU.Build.0 = Debug|Any CPU
		{53C4F81C-4322-4637-B79B-8676ACAEFDCB}.Release|Any CPU.ActiveCfg = Release|Any CPU
		{53C4F81C-4322-4637-B79B-8676ACAEFDCB}.Release|Any CPU.Build.0 = Release|Any CPU
		{E936FFA0-2E6E-4CA7-9841-FB844A817E0C}.Debug|Any CPU.ActiveCfg = Debug|Any CPU
		{E936FFA0-2E6E-4CA7-9841-FB844A817E0C}.Debug|Any CPU.Build.0 = Debug|Any CPU
		{E936FFA0-2E6E-4CA7-9841-FB844A817E0C}.Release|Any CPU.ActiveCfg = Release|Any CPU
		{E936FFA0-2E6E-4CA7-9841-FB844A817E0C}.Release|Any CPU.Build.0 = Release|Any CPU
		{C77AD974-57C8-4218-AEB5-5562BB9685E1}.Debug|Any CPU.ActiveCfg = Debug|Any CPU
		{C77AD974-57C8-4218-AEB5-5562BB9685E1}.Debug|Any CPU.Build.0 = Debug|Any CPU
		{C77AD974-57C8-4218-AEB5-5562BB9685E1}.Release|Any CPU.ActiveCfg = Release|Any CPU
		{C77AD974-57C8-4218-AEB5-5562BB9685E1}.Release|Any CPU.Build.0 = Release|Any CPU
	EndGlobalSection
	GlobalSection(SolutionProperties) = preSolution
		HideSolutionNode = FALSE
	EndGlobalSection
	GlobalSection(ExtensibilityGlobals) = postSolution
		SolutionGuid = {DE388861-6F42-4947-903A-8CD63DACBB94}
	EndGlobalSection
EndGlobal
